// !$*UTF8*$!
{
	archiveVersion = 1;
	classes = {
	};
	objectVersion = 56;
	objects = {

/* Begin PBXBuildFile section */
		251BEFFA2BECFA5100E17FE3 /* ChallengeFeedView.swift in Sources */ = {isa = PBXBuildFile; fileRef = 251BEFF92BECFA5100E17FE3 /* ChallengeFeedView.swift */; };
		251BEFFC2BECFD4E00E17FE3 /* ChallengeFeedViewModel.swift in Sources */ = {isa = PBXBuildFile; fileRef = 251BEFFB2BECFD4E00E17FE3 /* ChallengeFeedViewModel.swift */; };
		253182A72BEBBECF00553D99 /* ChallengeService.swift in Sources */ = {isa = PBXBuildFile; fileRef = 253182A62BEBBECF00553D99 /* ChallengeService.swift */; };
		253182A92BEBC05300553D99 /* CreateChallengeViewModel.swift in Sources */ = {isa = PBXBuildFile; fileRef = 253182A82BEBC05300553D99 /* CreateChallengeViewModel.swift */; };
		253182AB2BEBC5DA00553D99 /* TimerPickerView.swift in Sources */ = {isa = PBXBuildFile; fileRef = 253182AA2BEBC5DA00553D99 /* TimerPickerView.swift */; };
		25635FE32BEBEC340049ECC3 /* SearchUsers.swift in Sources */ = {isa = PBXBuildFile; fileRef = 25635FE22BEBEC340049ECC3 /* SearchUsers.swift */; };
		25635FE72BEBFB050049ECC3 /* AddPlayerCell.swift in Sources */ = {isa = PBXBuildFile; fileRef = 25635FE62BEBFB050049ECC3 /* AddPlayerCell.swift */; };
		25635FE92BEC054C0049ECC3 /* HomeViewModel.swift in Sources */ = {isa = PBXBuildFile; fileRef = 25635FE82BEC054C0049ECC3 /* HomeViewModel.swift */; };
		25635FEB2BEC07640049ECC3 /* Player.swift in Sources */ = {isa = PBXBuildFile; fileRef = 25635FEA2BEC07640049ECC3 /* Player.swift */; };
		257BC3322BEACB1000C22F61 /* User.swift in Sources */ = {isa = PBXBuildFile; fileRef = 257BC3312BEACB1000C22F61 /* User.swift */; };
		257BC3342BEACDA400C22F61 /* UserService.swift in Sources */ = {isa = PBXBuildFile; fileRef = 257BC3332BEACDA400C22F61 /* UserService.swift */; };
		257BC3392BEAD33B00C22F61 /* PlayerCell.swift in Sources */ = {isa = PBXBuildFile; fileRef = 257BC3382BEAD33B00C22F61 /* PlayerCell.swift */; };
		257BC33C2BEAD4C600C22F61 /* ExploreView.swift in Sources */ = {isa = PBXBuildFile; fileRef = 257BC33B2BEAD4C600C22F61 /* ExploreView.swift */; };
		257C9B5D2BE4013100FA9768 /* DrinkathonApp.swift in Sources */ = {isa = PBXBuildFile; fileRef = 257C9B5C2BE4013100FA9768 /* DrinkathonApp.swift */; };
		257C9B5F2BE4013100FA9768 /* LoginView.swift in Sources */ = {isa = PBXBuildFile; fileRef = 257C9B5E2BE4013100FA9768 /* LoginView.swift */; };
		257C9B612BE4013200FA9768 /* Assets.xcassets in Resources */ = {isa = PBXBuildFile; fileRef = 257C9B602BE4013200FA9768 /* Assets.xcassets */; };
		257C9B642BE4013200FA9768 /* Preview Assets.xcassets in Resources */ = {isa = PBXBuildFile; fileRef = 257C9B632BE4013200FA9768 /* Preview Assets.xcassets */; };
		257C9B742BE40EAE00FA9768 /* RegistrationView.swift in Sources */ = {isa = PBXBuildFile; fileRef = 257C9B732BE40EAE00FA9768 /* RegistrationView.swift */; };
		257C9B772BE4140100FA9768 /* TextFieldModifer.swift in Sources */ = {isa = PBXBuildFile; fileRef = 257C9B762BE4140100FA9768 /* TextFieldModifer.swift */; };
		257C9B7A2BE4166400FA9768 /* DrinkTabView.swift in Sources */ = {isa = PBXBuildFile; fileRef = 257C9B792BE4166400FA9768 /* DrinkTabView.swift */; };
		257C9B7D2BE41C9600FA9768 /* HomeView.swift in Sources */ = {isa = PBXBuildFile; fileRef = 257C9B7C2BE41C9600FA9768 /* HomeView.swift */; };
		257C9B802BE41D1600FA9768 /* CreateChallengeView.swift in Sources */ = {isa = PBXBuildFile; fileRef = 257C9B7F2BE41D1600FA9768 /* CreateChallengeView.swift */; };
		257C9B832BE41D3800FA9768 /* ProfileView.swift in Sources */ = {isa = PBXBuildFile; fileRef = 257C9B822BE41D3800FA9768 /* ProfileView.swift */; };
		257C9B852BE41ED900FA9768 /* ChallengeCellView.swift in Sources */ = {isa = PBXBuildFile; fileRef = 257C9B842BE41ED900FA9768 /* ChallengeCellView.swift */; };
		257C9B872BE4211800FA9768 /* Challenge.swift in Sources */ = {isa = PBXBuildFile; fileRef = 257C9B862BE4211800FA9768 /* Challenge.swift */; };
		257C9B8A2BE4322F00FA9768 /* CircleProfilePictureView.swift in Sources */ = {isa = PBXBuildFile; fileRef = 257C9B892BE4322F00FA9768 /* CircleProfilePictureView.swift */; };
		257C9B8C2BEAB8DF00FA9768 /* GoogleService-Info.plist in Resources */ = {isa = PBXBuildFile; fileRef = 257C9B8B2BEAB8DF00FA9768 /* GoogleService-Info.plist */; };
		257C9B8F2BEAB9AF00FA9768 /* FirebaseAuth in Frameworks */ = {isa = PBXBuildFile; productRef = 257C9B8E2BEAB9AF00FA9768 /* FirebaseAuth */; };
		257C9B912BEAB9AF00FA9768 /* FirebaseFirestore in Frameworks */ = {isa = PBXBuildFile; productRef = 257C9B902BEAB9AF00FA9768 /* FirebaseFirestore */; };
		257C9B932BEAB9AF00FA9768 /* FirebaseFirestoreSwift in Frameworks */ = {isa = PBXBuildFile; productRef = 257C9B922BEAB9AF00FA9768 /* FirebaseFirestoreSwift */; };
		257C9B952BEAB9AF00FA9768 /* FirebaseStorage in Frameworks */ = {isa = PBXBuildFile; productRef = 257C9B942BEAB9AF00FA9768 /* FirebaseStorage */; };
		257C9B992BEABC5100FA9768 /* RegistrationViewModel.swift in Sources */ = {isa = PBXBuildFile; fileRef = 257C9B982BEABC5100FA9768 /* RegistrationViewModel.swift */; };
		257C9B9B2BEABD0500FA9768 /* AuthService.swift in Sources */ = {isa = PBXBuildFile; fileRef = 257C9B9A2BEABD0500FA9768 /* AuthService.swift */; };
		257C9B9F2BEAC06400FA9768 /* ContentViewModel.swift in Sources */ = {isa = PBXBuildFile; fileRef = 257C9B9E2BEAC06400FA9768 /* ContentViewModel.swift */; };
		257C9BA12BEAC14A00FA9768 /* ContentView.swift in Sources */ = {isa = PBXBuildFile; fileRef = 257C9BA02BEAC14A00FA9768 /* ContentView.swift */; };
		257C9BA32BEAC53E00FA9768 /* LoginViewModel.swift in Sources */ = {isa = PBXBuildFile; fileRef = 257C9BA22BEAC53E00FA9768 /* LoginViewModel.swift */; };
		25D234BC2BF38C3F00E77E87 /* TabbedItems.swift in Sources */ = {isa = PBXBuildFile; fileRef = 25D234BB2BF38C3F00E77E87 /* TabbedItems.swift */; };
		25D234BF2BF38E0300E77E87 /* NotificationsView.swift in Sources */ = {isa = PBXBuildFile; fileRef = 25D234BE2BF38E0300E77E87 /* NotificationsView.swift */; };
		25D234C12BF38E5A00E77E87 /* TabViewExtension.swift in Sources */ = {isa = PBXBuildFile; fileRef = 25D234C02BF38E5A00E77E87 /* TabViewExtension.swift */; };
		25D234C32BF3988C00E77E87 /* DrinkTabViewModel.swift in Sources */ = {isa = PBXBuildFile; fileRef = 25D234C22BF3988C00E77E87 /* DrinkTabViewModel.swift */; };
		25D234C52BF39A9400E77E87 /* CreateChallengePopupView.swift in Sources */ = {isa = PBXBuildFile; fileRef = 25D234C42BF39A9400E77E87 /* CreateChallengePopupView.swift */; };
		25F2BD622BEAD63C002E6253 /* ExploreViewModel.swift in Sources */ = {isa = PBXBuildFile; fileRef = 25F2BD612BEAD63C002E6253 /* ExploreViewModel.swift */; };
		25F2BD642BEAD768002E6253 /* PreviewProvider.swift in Sources */ = {isa = PBXBuildFile; fileRef = 25F2BD632BEAD768002E6253 /* PreviewProvider.swift */; };
		25F2BD682BEADC72002E6253 /* CurrentUserProfileView.swift in Sources */ = {isa = PBXBuildFile; fileRef = 25F2BD672BEADC72002E6253 /* CurrentUserProfileView.swift */; };
		25F2BD6B2BEADCD7002E6253 /* CurrentUserProfileViewModel.swift in Sources */ = {isa = PBXBuildFile; fileRef = 25F2BD6A2BEADCD7002E6253 /* CurrentUserProfileViewModel.swift */; };
		25F2BD6E2BEADF4E002E6253 /* ProfileHeaderView.swift in Sources */ = {isa = PBXBuildFile; fileRef = 25F2BD6D2BEADF4E002E6253 /* ProfileHeaderView.swift */; };
		25F2BD712BEAE421002E6253 /* EditProfileView.swift in Sources */ = {isa = PBXBuildFile; fileRef = 25F2BD702BEAE421002E6253 /* EditProfileView.swift */; };
		25F2BD732BEAEBA7002E6253 /* EditProfileViewModel.swift in Sources */ = {isa = PBXBuildFile; fileRef = 25F2BD722BEAEBA7002E6253 /* EditProfileViewModel.swift */; };
		25F2BD752BEAECB5002E6253 /* ImageUploader.swift in Sources */ = {isa = PBXBuildFile; fileRef = 25F2BD742BEAECB5002E6253 /* ImageUploader.swift */; };
		25F2BD782BEBB261002E6253 /* Kingfisher in Frameworks */ = {isa = PBXBuildFile; productRef = 25F2BD772BEBB261002E6253 /* Kingfisher */; };
/* End PBXBuildFile section */

/* Begin PBXFileReference section */
		251BEFF92BECFA5100E17FE3 /* ChallengeFeedView.swift */ = {isa = PBXFileReference; lastKnownFileType = sourcecode.swift; path = ChallengeFeedView.swift; sourceTree = "<group>"; };
		251BEFFB2BECFD4E00E17FE3 /* ChallengeFeedViewModel.swift */ = {isa = PBXFileReference; lastKnownFileType = sourcecode.swift; path = ChallengeFeedViewModel.swift; sourceTree = "<group>"; };
		253182A62BEBBECF00553D99 /* ChallengeService.swift */ = {isa = PBXFileReference; lastKnownFileType = sourcecode.swift; path = ChallengeService.swift; sourceTree = "<group>"; };
		253182A82BEBC05300553D99 /* CreateChallengeViewModel.swift */ = {isa = PBXFileReference; lastKnownFileType = sourcecode.swift; path = CreateChallengeViewModel.swift; sourceTree = "<group>"; };
		253182AA2BEBC5DA00553D99 /* TimerPickerView.swift */ = {isa = PBXFileReference; lastKnownFileType = sourcecode.swift; path = TimerPickerView.swift; sourceTree = "<group>"; };
		25635FE22BEBEC340049ECC3 /* SearchUsers.swift */ = {isa = PBXFileReference; lastKnownFileType = sourcecode.swift; path = SearchUsers.swift; sourceTree = "<group>"; };
		25635FE62BEBFB050049ECC3 /* AddPlayerCell.swift */ = {isa = PBXFileReference; lastKnownFileType = sourcecode.swift; path = AddPlayerCell.swift; sourceTree = "<group>"; };
		25635FE82BEC054C0049ECC3 /* HomeViewModel.swift */ = {isa = PBXFileReference; lastKnownFileType = sourcecode.swift; path = HomeViewModel.swift; sourceTree = "<group>"; };
		25635FEA2BEC07640049ECC3 /* Player.swift */ = {isa = PBXFileReference; lastKnownFileType = sourcecode.swift; path = Player.swift; sourceTree = "<group>"; };
		257BC3312BEACB1000C22F61 /* User.swift */ = {isa = PBXFileReference; lastKnownFileType = sourcecode.swift; path = User.swift; sourceTree = "<group>"; };
		257BC3332BEACDA400C22F61 /* UserService.swift */ = {isa = PBXFileReference; lastKnownFileType = sourcecode.swift; path = UserService.swift; sourceTree = "<group>"; };
		257BC3382BEAD33B00C22F61 /* PlayerCell.swift */ = {isa = PBXFileReference; lastKnownFileType = sourcecode.swift; path = PlayerCell.swift; sourceTree = "<group>"; };
		257BC33B2BEAD4C600C22F61 /* ExploreView.swift */ = {isa = PBXFileReference; lastKnownFileType = sourcecode.swift; path = ExploreView.swift; sourceTree = "<group>"; };
		257C9B592BE4013100FA9768 /* Drinkathon.app */ = {isa = PBXFileReference; explicitFileType = wrapper.application; includeInIndex = 0; path = Drinkathon.app; sourceTree = BUILT_PRODUCTS_DIR; };
		257C9B5C2BE4013100FA9768 /* DrinkathonApp.swift */ = {isa = PBXFileReference; lastKnownFileType = sourcecode.swift; path = DrinkathonApp.swift; sourceTree = "<group>"; };
		257C9B5E2BE4013100FA9768 /* LoginView.swift */ = {isa = PBXFileReference; lastKnownFileType = sourcecode.swift; path = LoginView.swift; sourceTree = "<group>"; };
		257C9B602BE4013200FA9768 /* Assets.xcassets */ = {isa = PBXFileReference; lastKnownFileType = folder.assetcatalog; path = Assets.xcassets; sourceTree = "<group>"; };
		257C9B632BE4013200FA9768 /* Preview Assets.xcassets */ = {isa = PBXFileReference; lastKnownFileType = folder.assetcatalog; path = "Preview Assets.xcassets"; sourceTree = "<group>"; };
		257C9B732BE40EAE00FA9768 /* RegistrationView.swift */ = {isa = PBXFileReference; lastKnownFileType = sourcecode.swift; path = RegistrationView.swift; sourceTree = "<group>"; };
		257C9B762BE4140100FA9768 /* TextFieldModifer.swift */ = {isa = PBXFileReference; lastKnownFileType = sourcecode.swift; path = TextFieldModifer.swift; sourceTree = "<group>"; };
		257C9B792BE4166400FA9768 /* DrinkTabView.swift */ = {isa = PBXFileReference; lastKnownFileType = sourcecode.swift; path = DrinkTabView.swift; sourceTree = "<group>"; };
		257C9B7C2BE41C9600FA9768 /* HomeView.swift */ = {isa = PBXFileReference; lastKnownFileType = sourcecode.swift; path = HomeView.swift; sourceTree = "<group>"; };
		257C9B7F2BE41D1600FA9768 /* CreateChallengeView.swift */ = {isa = PBXFileReference; lastKnownFileType = sourcecode.swift; path = CreateChallengeView.swift; sourceTree = "<group>"; };
		257C9B822BE41D3800FA9768 /* ProfileView.swift */ = {isa = PBXFileReference; lastKnownFileType = sourcecode.swift; path = ProfileView.swift; sourceTree = "<group>"; };
		257C9B842BE41ED900FA9768 /* ChallengeCellView.swift */ = {isa = PBXFileReference; lastKnownFileType = sourcecode.swift; path = ChallengeCellView.swift; sourceTree = "<group>"; };
		257C9B862BE4211800FA9768 /* Challenge.swift */ = {isa = PBXFileReference; lastKnownFileType = sourcecode.swift; path = Challenge.swift; sourceTree = "<group>"; };
		257C9B892BE4322F00FA9768 /* CircleProfilePictureView.swift */ = {isa = PBXFileReference; lastKnownFileType = sourcecode.swift; path = CircleProfilePictureView.swift; sourceTree = "<group>"; };
		257C9B8B2BEAB8DF00FA9768 /* GoogleService-Info.plist */ = {isa = PBXFileReference; fileEncoding = 4; lastKnownFileType = text.plist.xml; path = "GoogleService-Info.plist"; sourceTree = "<group>"; };
		257C9B982BEABC5100FA9768 /* RegistrationViewModel.swift */ = {isa = PBXFileReference; lastKnownFileType = sourcecode.swift; path = RegistrationViewModel.swift; sourceTree = "<group>"; };
		257C9B9A2BEABD0500FA9768 /* AuthService.swift */ = {isa = PBXFileReference; lastKnownFileType = sourcecode.swift; path = AuthService.swift; sourceTree = "<group>"; };
		257C9B9E2BEAC06400FA9768 /* ContentViewModel.swift */ = {isa = PBXFileReference; lastKnownFileType = sourcecode.swift; path = ContentViewModel.swift; sourceTree = "<group>"; };
		257C9BA02BEAC14A00FA9768 /* ContentView.swift */ = {isa = PBXFileReference; lastKnownFileType = sourcecode.swift; path = ContentView.swift; sourceTree = "<group>"; };
		257C9BA22BEAC53E00FA9768 /* LoginViewModel.swift */ = {isa = PBXFileReference; lastKnownFileType = sourcecode.swift; path = LoginViewModel.swift; sourceTree = "<group>"; };
		25D234BB2BF38C3F00E77E87 /* TabbedItems.swift */ = {isa = PBXFileReference; lastKnownFileType = sourcecode.swift; path = TabbedItems.swift; sourceTree = "<group>"; };
		25D234BE2BF38E0300E77E87 /* NotificationsView.swift */ = {isa = PBXFileReference; lastKnownFileType = sourcecode.swift; path = NotificationsView.swift; sourceTree = "<group>"; };
		25D234C02BF38E5A00E77E87 /* TabViewExtension.swift */ = {isa = PBXFileReference; lastKnownFileType = sourcecode.swift; path = TabViewExtension.swift; sourceTree = "<group>"; };
		25D234C22BF3988C00E77E87 /* DrinkTabViewModel.swift */ = {isa = PBXFileReference; lastKnownFileType = sourcecode.swift; path = DrinkTabViewModel.swift; sourceTree = "<group>"; };
		25D234C42BF39A9400E77E87 /* CreateChallengePopupView.swift */ = {isa = PBXFileReference; lastKnownFileType = sourcecode.swift; path = CreateChallengePopupView.swift; sourceTree = "<group>"; };
		25F2BD612BEAD63C002E6253 /* ExploreViewModel.swift */ = {isa = PBXFileReference; lastKnownFileType = sourcecode.swift; path = ExploreViewModel.swift; sourceTree = "<group>"; };
		25F2BD632BEAD768002E6253 /* PreviewProvider.swift */ = {isa = PBXFileReference; lastKnownFileType = sourcecode.swift; path = PreviewProvider.swift; sourceTree = "<group>"; };
		25F2BD672BEADC72002E6253 /* CurrentUserProfileView.swift */ = {isa = PBXFileReference; lastKnownFileType = sourcecode.swift; path = CurrentUserProfileView.swift; sourceTree = "<group>"; };
		25F2BD6A2BEADCD7002E6253 /* CurrentUserProfileViewModel.swift */ = {isa = PBXFileReference; lastKnownFileType = sourcecode.swift; path = CurrentUserProfileViewModel.swift; sourceTree = "<group>"; };
		25F2BD6D2BEADF4E002E6253 /* ProfileHeaderView.swift */ = {isa = PBXFileReference; lastKnownFileType = sourcecode.swift; path = ProfileHeaderView.swift; sourceTree = "<group>"; };
		25F2BD702BEAE421002E6253 /* EditProfileView.swift */ = {isa = PBXFileReference; lastKnownFileType = sourcecode.swift; path = EditProfileView.swift; sourceTree = "<group>"; };
		25F2BD722BEAEBA7002E6253 /* EditProfileViewModel.swift */ = {isa = PBXFileReference; lastKnownFileType = sourcecode.swift; path = EditProfileViewModel.swift; sourceTree = "<group>"; };
		25F2BD742BEAECB5002E6253 /* ImageUploader.swift */ = {isa = PBXFileReference; lastKnownFileType = sourcecode.swift; path = ImageUploader.swift; sourceTree = "<group>"; };
/* End PBXFileReference section */

/* Begin PBXFrameworksBuildPhase section */
		257C9B562BE4013100FA9768 /* Frameworks */ = {
			isa = PBXFrameworksBuildPhase;
			buildActionMask = 2147483647;
			files = (
				257C9B8F2BEAB9AF00FA9768 /* FirebaseAuth in Frameworks */,
				257C9B952BEAB9AF00FA9768 /* FirebaseStorage in Frameworks */,
				257C9B912BEAB9AF00FA9768 /* FirebaseFirestore in Frameworks */,
				257C9B932BEAB9AF00FA9768 /* FirebaseFirestoreSwift in Frameworks */,
				25F2BD782BEBB261002E6253 /* Kingfisher in Frameworks */,
			);
			runOnlyForDeploymentPostprocessing = 0;
		};
/* End PBXFrameworksBuildPhase section */

/* Begin PBXGroup section */
		257BC33A2BEAD4AD00C22F61 /* Explore */ = {
			isa = PBXGroup;
			children = (
				257BC33B2BEAD4C600C22F61 /* ExploreView.swift */,
				25F2BD612BEAD63C002E6253 /* ExploreViewModel.swift */,
			);
			path = Explore;
			sourceTree = "<group>";
		};
		257C9B502BE4013100FA9768 = {
			isa = PBXGroup;
			children = (
				257C9B5B2BE4013100FA9768 /* Drinkathon */,
				257C9B5A2BE4013100FA9768 /* Products */,
			);
			sourceTree = "<group>";
		};
		257C9B5A2BE4013100FA9768 /* Products */ = {
			isa = PBXGroup;
			children = (
				257C9B592BE4013100FA9768 /* Drinkathon.app */,
			);
			name = Products;
			sourceTree = "<group>";
		};
		257C9B5B2BE4013100FA9768 /* Drinkathon */ = {
			isa = PBXGroup;
			children = (
				257C9B8B2BEAB8DF00FA9768 /* GoogleService-Info.plist */,
				257C9B602BE4013200FA9768 /* Assets.xcassets */,
				257C9B6A2BE4014100FA9768 /* App */,
				257C9B6B2BE4014900FA9768 /* Core */,
				257C9B6F2BE4017E00FA9768 /* Extensions */,
				257C9B702BE4018900FA9768 /* Model */,
				257C9B712BE4019700FA9768 /* Services */,
				257C9B722BE4019F00FA9768 /* Utils */,
				257C9B622BE4013200FA9768 /* Preview Content */,
			);
			path = Drinkathon;
			sourceTree = "<group>";
		};
		257C9B622BE4013200FA9768 /* Preview Content */ = {
			isa = PBXGroup;
			children = (
				257C9B632BE4013200FA9768 /* Preview Assets.xcassets */,
			);
			path = "Preview Content";
			sourceTree = "<group>";
		};
		257C9B6A2BE4014100FA9768 /* App */ = {
			isa = PBXGroup;
			children = (
				257C9B5C2BE4013100FA9768 /* DrinkathonApp.swift */,
			);
			path = App;
			sourceTree = "<group>";
		};
		257C9B6B2BE4014900FA9768 /* Core */ = {
			isa = PBXGroup;
			children = (
				25D234BD2BF38DF300E77E87 /* Notifiations */,
				257BC33A2BEAD4AD00C22F61 /* Explore */,
				257C9B882BE4321000FA9768 /* Components */,
				257C9B812BE41D2100FA9768 /* Profile */,
				257C9B7E2BE41D0300FA9768 /* ChallengeCreation */,
				257C9B782BE415FB00FA9768 /* TabBar */,
				257C9B7B2BE41B1C00FA9768 /* HomeView */,
				257C9B6C2BE4015200FA9768 /* Authentication */,
				257C9B6E2BE4017100FA9768 /* Root */,
			);
			path = Core;
			sourceTree = "<group>";
		};
		257C9B6C2BE4015200FA9768 /* Authentication */ = {
			isa = PBXGroup;
			children = (
				257C9B5E2BE4013100FA9768 /* LoginView.swift */,
				257C9BA22BEAC53E00FA9768 /* LoginViewModel.swift */,
				257C9B732BE40EAE00FA9768 /* RegistrationView.swift */,
				257C9B982BEABC5100FA9768 /* RegistrationViewModel.swift */,
			);
			path = Authentication;
			sourceTree = "<group>";
		};
		257C9B6E2BE4017100FA9768 /* Root */ = {
			isa = PBXGroup;
			children = (
				257C9BA02BEAC14A00FA9768 /* ContentView.swift */,
				257C9B9E2BEAC06400FA9768 /* ContentViewModel.swift */,
			);
			path = Root;
			sourceTree = "<group>";
		};
		257C9B6F2BE4017E00FA9768 /* Extensions */ = {
			isa = PBXGroup;
			children = (
				25F2BD632BEAD768002E6253 /* PreviewProvider.swift */,
				25D234C02BF38E5A00E77E87 /* TabViewExtension.swift */,
			);
			path = Extensions;
			sourceTree = "<group>";
		};
		257C9B702BE4018900FA9768 /* Model */ = {
			isa = PBXGroup;
			children = (
				257C9B862BE4211800FA9768 /* Challenge.swift */,
				257BC3312BEACB1000C22F61 /* User.swift */,
				25635FEA2BEC07640049ECC3 /* Player.swift */,
			);
			path = Model;
			sourceTree = "<group>";
		};
		257C9B712BE4019700FA9768 /* Services */ = {
			isa = PBXGroup;
			children = (
				257C9B9A2BEABD0500FA9768 /* AuthService.swift */,
				257BC3332BEACDA400C22F61 /* UserService.swift */,
				25F2BD742BEAECB5002E6253 /* ImageUploader.swift */,
				253182A62BEBBECF00553D99 /* ChallengeService.swift */,
			);
			path = Services;
			sourceTree = "<group>";
		};
		257C9B722BE4019F00FA9768 /* Utils */ = {
			isa = PBXGroup;
			children = (
				257C9B762BE4140100FA9768 /* TextFieldModifer.swift */,
			);
			path = Utils;
			sourceTree = "<group>";
		};
		257C9B782BE415FB00FA9768 /* TabBar */ = {
			isa = PBXGroup;
			children = (
				257C9B792BE4166400FA9768 /* DrinkTabView.swift */,
				25D234BB2BF38C3F00E77E87 /* TabbedItems.swift */,
				25D234C22BF3988C00E77E87 /* DrinkTabViewModel.swift */,
			);
			path = TabBar;
			sourceTree = "<group>";
		};
		257C9B7B2BE41B1C00FA9768 /* HomeView */ = {
			isa = PBXGroup;
			children = (
				257C9B7C2BE41C9600FA9768 /* HomeView.swift */,
				25635FE82BEC054C0049ECC3 /* HomeViewModel.swift */,
				251BEFF92BECFA5100E17FE3 /* ChallengeFeedView.swift */,
				251BEFFB2BECFD4E00E17FE3 /* ChallengeFeedViewModel.swift */,
			);
			path = HomeView;
			sourceTree = "<group>";
		};
		257C9B7E2BE41D0300FA9768 /* ChallengeCreation */ = {
			isa = PBXGroup;
			children = (
				257C9B7F2BE41D1600FA9768 /* CreateChallengeView.swift */,
				253182A82BEBC05300553D99 /* CreateChallengeViewModel.swift */,
				25D234C42BF39A9400E77E87 /* CreateChallengePopupView.swift */,
			);
			path = ChallengeCreation;
			sourceTree = "<group>";
		};
		257C9B812BE41D2100FA9768 /* Profile */ = {
			isa = PBXGroup;
			children = (
				25F2BD722BEAEBA7002E6253 /* EditProfileViewModel.swift */,
				25F2BD702BEAE421002E6253 /* EditProfileView.swift */,
				25F2BD6A2BEADCD7002E6253 /* CurrentUserProfileViewModel.swift */,
				25F2BD672BEADC72002E6253 /* CurrentUserProfileView.swift */,
				257C9B822BE41D3800FA9768 /* ProfileView.swift */,
				25F2BD6D2BEADF4E002E6253 /* ProfileHeaderView.swift */,
			);
			path = Profile;
			sourceTree = "<group>";
		};
		257C9B882BE4321000FA9768 /* Components */ = {
			isa = PBXGroup;
			children = (
				25635FE62BEBFB050049ECC3 /* AddPlayerCell.swift */,
				257C9B842BE41ED900FA9768 /* ChallengeCellView.swift */,
				257C9B892BE4322F00FA9768 /* CircleProfilePictureView.swift */,
				257BC3382BEAD33B00C22F61 /* PlayerCell.swift */,
				25635FE22BEBEC340049ECC3 /* SearchUsers.swift */,
				253182AA2BEBC5DA00553D99 /* TimerPickerView.swift */,
			);
			path = Components;
			sourceTree = "<group>";
		};
		25D234BD2BF38DF300E77E87 /* Notifiations */ = {
			isa = PBXGroup;
			children = (
				25D234BE2BF38E0300E77E87 /* NotificationsView.swift */,
			);
			path = Notifiations;
			sourceTree = "<group>";
		};
/* End PBXGroup section */

/* Begin PBXNativeTarget section */
		257C9B582BE4013100FA9768 /* Drinkathon */ = {
			isa = PBXNativeTarget;
			buildConfigurationList = 257C9B672BE4013200FA9768 /* Build configuration list for PBXNativeTarget "Drinkathon" */;
			buildPhases = (
				257C9B552BE4013100FA9768 /* Sources */,
				257C9B562BE4013100FA9768 /* Frameworks */,
				257C9B572BE4013100FA9768 /* Resources */,
			);
			buildRules = (
			);
			dependencies = (
			);
			name = Drinkathon;
			packageProductDependencies = (
				257C9B8E2BEAB9AF00FA9768 /* FirebaseAuth */,
				257C9B902BEAB9AF00FA9768 /* FirebaseFirestore */,
				257C9B922BEAB9AF00FA9768 /* FirebaseFirestoreSwift */,
				257C9B942BEAB9AF00FA9768 /* FirebaseStorage */,
				25F2BD772BEBB261002E6253 /* Kingfisher */,
			);
			productName = Drinkathon;
			productReference = 257C9B592BE4013100FA9768 /* Drinkathon.app */;
			productType = "com.apple.product-type.application";
		};
/* End PBXNativeTarget section */

/* Begin PBXProject section */
		257C9B512BE4013100FA9768 /* Project object */ = {
			isa = PBXProject;
			attributes = {
				BuildIndependentTargetsInParallel = 1;
				LastSwiftUpdateCheck = 1530;
				LastUpgradeCheck = 1530;
				TargetAttributes = {
					257C9B582BE4013100FA9768 = {
						CreatedOnToolsVersion = 15.3;
					};
				};
			};
			buildConfigurationList = 257C9B542BE4013100FA9768 /* Build configuration list for PBXProject "Drinkathon" */;
			compatibilityVersion = "Xcode 14.0";
			developmentRegion = en;
			hasScannedForEncodings = 0;
			knownRegions = (
				en,
				Base,
			);
			mainGroup = 257C9B502BE4013100FA9768;
			packageReferences = (
				257C9B8D2BEAB9AF00FA9768 /* XCRemoteSwiftPackageReference "firebase-ios-sdk" */,
				25F2BD762BEBB261002E6253 /* XCRemoteSwiftPackageReference "Kingfisher" */,
			);
			productRefGroup = 257C9B5A2BE4013100FA9768 /* Products */;
			projectDirPath = "";
			projectRoot = "";
			targets = (
				257C9B582BE4013100FA9768 /* Drinkathon */,
			);
		};
/* End PBXProject section */

/* Begin PBXResourcesBuildPhase section */
		257C9B572BE4013100FA9768 /* Resources */ = {
			isa = PBXResourcesBuildPhase;
			buildActionMask = 2147483647;
			files = (
				257C9B642BE4013200FA9768 /* Preview Assets.xcassets in Resources */,
				257C9B612BE4013200FA9768 /* Assets.xcassets in Resources */,
				257C9B8C2BEAB8DF00FA9768 /* GoogleService-Info.plist in Resources */,
			);
			runOnlyForDeploymentPostprocessing = 0;
		};
/* End PBXResourcesBuildPhase section */

/* Begin PBXSourcesBuildPhase section */
		257C9B552BE4013100FA9768 /* Sources */ = {
			isa = PBXSourcesBuildPhase;
			buildActionMask = 2147483647;
			files = (
				25F2BD642BEAD768002E6253 /* PreviewProvider.swift in Sources */,
				257C9B832BE41D3800FA9768 /* ProfileView.swift in Sources */,
				257C9B992BEABC5100FA9768 /* RegistrationViewModel.swift in Sources */,
				25D234C52BF39A9400E77E87 /* CreateChallengePopupView.swift in Sources */,
				257BC3342BEACDA400C22F61 /* UserService.swift in Sources */,
				253182A92BEBC05300553D99 /* CreateChallengeViewModel.swift in Sources */,
				25F2BD682BEADC72002E6253 /* CurrentUserProfileView.swift in Sources */,
				253182AB2BEBC5DA00553D99 /* TimerPickerView.swift in Sources */,
				257BC3392BEAD33B00C22F61 /* PlayerCell.swift in Sources */,
				25D234C32BF3988C00E77E87 /* DrinkTabViewModel.swift in Sources */,
				257C9B7A2BE4166400FA9768 /* DrinkTabView.swift in Sources */,
				257C9B772BE4140100FA9768 /* TextFieldModifer.swift in Sources */,
				257BC33C2BEAD4C600C22F61 /* ExploreView.swift in Sources */,
				25F2BD622BEAD63C002E6253 /* ExploreViewModel.swift in Sources */,
				251BEFFA2BECFA5100E17FE3 /* ChallengeFeedView.swift in Sources */,
				253182A72BEBBECF00553D99 /* ChallengeService.swift in Sources */,
				257C9BA32BEAC53E00FA9768 /* LoginViewModel.swift in Sources */,
				257C9B802BE41D1600FA9768 /* CreateChallengeView.swift in Sources */,
				25D234C12BF38E5A00E77E87 /* TabViewExtension.swift in Sources */,
				257C9B852BE41ED900FA9768 /* ChallengeCellView.swift in Sources */,
				257BC3322BEACB1000C22F61 /* User.swift in Sources */,
				25D234BC2BF38C3F00E77E87 /* TabbedItems.swift in Sources */,
				25635FE92BEC054C0049ECC3 /* HomeViewModel.swift in Sources */,
				25635FEB2BEC07640049ECC3 /* Player.swift in Sources */,
				257C9B9B2BEABD0500FA9768 /* AuthService.swift in Sources */,
				25F2BD6B2BEADCD7002E6253 /* CurrentUserProfileViewModel.swift in Sources */,
				25D234BF2BF38E0300E77E87 /* NotificationsView.swift in Sources */,
				257C9B8A2BE4322F00FA9768 /* CircleProfilePictureView.swift in Sources */,
				25635FE32BEBEC340049ECC3 /* SearchUsers.swift in Sources */,
				257C9B742BE40EAE00FA9768 /* RegistrationView.swift in Sources */,
				25F2BD6E2BEADF4E002E6253 /* ProfileHeaderView.swift in Sources */,
				257C9B7D2BE41C9600FA9768 /* HomeView.swift in Sources */,
				257C9B9F2BEAC06400FA9768 /* ContentViewModel.swift in Sources */,
				25635FE72BEBFB050049ECC3 /* AddPlayerCell.swift in Sources */,
				25F2BD752BEAECB5002E6253 /* ImageUploader.swift in Sources */,
				257C9BA12BEAC14A00FA9768 /* ContentView.swift in Sources */,
				257C9B5F2BE4013100FA9768 /* LoginView.swift in Sources */,
				257C9B5D2BE4013100FA9768 /* DrinkathonApp.swift in Sources */,
				251BEFFC2BECFD4E00E17FE3 /* ChallengeFeedViewModel.swift in Sources */,
				25F2BD732BEAEBA7002E6253 /* EditProfileViewModel.swift in Sources */,
				25F2BD712BEAE421002E6253 /* EditProfileView.swift in Sources */,
				257C9B872BE4211800FA9768 /* Challenge.swift in Sources */,
			);
			runOnlyForDeploymentPostprocessing = 0;
		};
/* End PBXSourcesBuildPhase section */

/* Begin XCBuildConfiguration section */
		257C9B652BE4013200FA9768 /* Debug */ = {
			isa = XCBuildConfiguration;
			buildSettings = {
				ALWAYS_SEARCH_USER_PATHS = NO;
				ASSETCATALOG_COMPILER_GENERATE_SWIFT_ASSET_SYMBOL_EXTENSIONS = YES;
				CLANG_ANALYZER_NONNULL = YES;
				CLANG_ANALYZER_NUMBER_OBJECT_CONVERSION = YES_AGGRESSIVE;
				CLANG_CXX_LANGUAGE_STANDARD = "gnu++20";
				CLANG_ENABLE_MODULES = YES;
				CLANG_ENABLE_OBJC_ARC = YES;
				CLANG_ENABLE_OBJC_WEAK = YES;
				CLANG_WARN_BLOCK_CAPTURE_AUTORELEASING = YES;
				CLANG_WARN_BOOL_CONVERSION = YES;
				CLANG_WARN_COMMA = YES;
				CLANG_WARN_CONSTANT_CONVERSION = YES;
				CLANG_WARN_DEPRECATED_OBJC_IMPLEMENTATIONS = YES;
				CLANG_WARN_DIRECT_OBJC_ISA_USAGE = YES_ERROR;
				CLANG_WARN_DOCUMENTATION_COMMENTS = YES;
				CLANG_WARN_EMPTY_BODY = YES;
				CLANG_WARN_ENUM_CONVERSION = YES;
				CLANG_WARN_INFINITE_RECURSION = YES;
				CLANG_WARN_INT_CONVERSION = YES;
				CLANG_WARN_NON_LITERAL_NULL_CONVERSION = YES;
				CLANG_WARN_OBJC_IMPLICIT_RETAIN_SELF = YES;
				CLANG_WARN_OBJC_LITERAL_CONVERSION = YES;
				CLANG_WARN_OBJC_ROOT_CLASS = YES_ERROR;
				CLANG_WARN_QUOTED_INCLUDE_IN_FRAMEWORK_HEADER = YES;
				CLANG_WARN_RANGE_LOOP_ANALYSIS = YES;
				CLANG_WARN_STRICT_PROTOTYPES = YES;
				CLANG_WARN_SUSPICIOUS_MOVE = YES;
				CLANG_WARN_UNGUARDED_AVAILABILITY = YES_AGGRESSIVE;
				CLANG_WARN_UNREACHABLE_CODE = YES;
				CLANG_WARN__DUPLICATE_METHOD_MATCH = YES;
				COPY_PHASE_STRIP = NO;
				DEBUG_INFORMATION_FORMAT = dwarf;
				ENABLE_STRICT_OBJC_MSGSEND = YES;
				ENABLE_TESTABILITY = YES;
				ENABLE_USER_SCRIPT_SANDBOXING = YES;
				GCC_C_LANGUAGE_STANDARD = gnu17;
				GCC_DYNAMIC_NO_PIC = NO;
				GCC_NO_COMMON_BLOCKS = YES;
				GCC_OPTIMIZATION_LEVEL = 0;
				GCC_PREPROCESSOR_DEFINITIONS = (
					"DEBUG=1",
					"$(inherited)",
				);
				GCC_WARN_64_TO_32_BIT_CONVERSION = YES;
				GCC_WARN_ABOUT_RETURN_TYPE = YES_ERROR;
				GCC_WARN_UNDECLARED_SELECTOR = YES;
				GCC_WARN_UNINITIALIZED_AUTOS = YES_AGGRESSIVE;
				GCC_WARN_UNUSED_FUNCTION = YES;
				GCC_WARN_UNUSED_VARIABLE = YES;
				IPHONEOS_DEPLOYMENT_TARGET = 17.4;
				LOCALIZATION_PREFERS_STRING_CATALOGS = YES;
				MTL_ENABLE_DEBUG_INFO = INCLUDE_SOURCE;
				MTL_FAST_MATH = YES;
				ONLY_ACTIVE_ARCH = YES;
				SDKROOT = iphoneos;
				SWIFT_ACTIVE_COMPILATION_CONDITIONS = "DEBUG $(inherited)";
				SWIFT_OPTIMIZATION_LEVEL = "-Onone";
			};
			name = Debug;
		};
		257C9B662BE4013200FA9768 /* Release */ = {
			isa = XCBuildConfiguration;
			buildSettings = {
				ALWAYS_SEARCH_USER_PATHS = NO;
				ASSETCATALOG_COMPILER_GENERATE_SWIFT_ASSET_SYMBOL_EXTENSIONS = YES;
				CLANG_ANALYZER_NONNULL = YES;
				CLANG_ANALYZER_NUMBER_OBJECT_CONVERSION = YES_AGGRESSIVE;
				CLANG_CXX_LANGUAGE_STANDARD = "gnu++20";
				CLANG_ENABLE_MODULES = YES;
				CLANG_ENABLE_OBJC_ARC = YES;
				CLANG_ENABLE_OBJC_WEAK = YES;
				CLANG_WARN_BLOCK_CAPTURE_AUTORELEASING = YES;
				CLANG_WARN_BOOL_CONVERSION = YES;
				CLANG_WARN_COMMA = YES;
				CLANG_WARN_CONSTANT_CONVERSION = YES;
				CLANG_WARN_DEPRECATED_OBJC_IMPLEMENTATIONS = YES;
				CLANG_WARN_DIRECT_OBJC_ISA_USAGE = YES_ERROR;
				CLANG_WARN_DOCUMENTATION_COMMENTS = YES;
				CLANG_WARN_EMPTY_BODY = YES;
				CLANG_WARN_ENUM_CONVERSION = YES;
				CLANG_WARN_INFINITE_RECURSION = YES;
				CLANG_WARN_INT_CONVERSION = YES;
				CLANG_WARN_NON_LITERAL_NULL_CONVERSION = YES;
				CLANG_WARN_OBJC_IMPLICIT_RETAIN_SELF = YES;
				CLANG_WARN_OBJC_LITERAL_CONVERSION = YES;
				CLANG_WARN_OBJC_ROOT_CLASS = YES_ERROR;
				CLANG_WARN_QUOTED_INCLUDE_IN_FRAMEWORK_HEADER = YES;
				CLANG_WARN_RANGE_LOOP_ANALYSIS = YES;
				CLANG_WARN_STRICT_PROTOTYPES = YES;
				CLANG_WARN_SUSPICIOUS_MOVE = YES;
				CLANG_WARN_UNGUARDED_AVAILABILITY = YES_AGGRESSIVE;
				CLANG_WARN_UNREACHABLE_CODE = YES;
				CLANG_WARN__DUPLICATE_METHOD_MATCH = YES;
				COPY_PHASE_STRIP = NO;
				DEBUG_INFORMATION_FORMAT = "dwarf-with-dsym";
				ENABLE_NS_ASSERTIONS = NO;
				ENABLE_STRICT_OBJC_MSGSEND = YES;
				ENABLE_USER_SCRIPT_SANDBOXING = YES;
				GCC_C_LANGUAGE_STANDARD = gnu17;
				GCC_NO_COMMON_BLOCKS = YES;
				GCC_WARN_64_TO_32_BIT_CONVERSION = YES;
				GCC_WARN_ABOUT_RETURN_TYPE = YES_ERROR;
				GCC_WARN_UNDECLARED_SELECTOR = YES;
				GCC_WARN_UNINITIALIZED_AUTOS = YES_AGGRESSIVE;
				GCC_WARN_UNUSED_FUNCTION = YES;
				GCC_WARN_UNUSED_VARIABLE = YES;
				IPHONEOS_DEPLOYMENT_TARGET = 17.4;
				LOCALIZATION_PREFERS_STRING_CATALOGS = YES;
				MTL_ENABLE_DEBUG_INFO = NO;
				MTL_FAST_MATH = YES;
				SDKROOT = iphoneos;
				SWIFT_COMPILATION_MODE = wholemodule;
				VALIDATE_PRODUCT = YES;
			};
			name = Release;
		};
		257C9B682BE4013200FA9768 /* Debug */ = {
			isa = XCBuildConfiguration;
			buildSettings = {
				ASSETCATALOG_COMPILER_APPICON_NAME = AppIcon;
				ASSETCATALOG_COMPILER_GLOBAL_ACCENT_COLOR_NAME = AccentColor;
				CODE_SIGN_STYLE = Automatic;
				CURRENT_PROJECT_VERSION = 1;
				DEVELOPMENT_ASSET_PATHS = "\"Drinkathon/Preview Content\"";
				DEVELOPMENT_TEAM = AW3Y2MZVMF;
				ENABLE_PREVIEWS = YES;
				GENERATE_INFOPLIST_FILE = YES;
				INFOPLIST_KEY_UIApplicationSceneManifest_Generation = YES;
				INFOPLIST_KEY_UIApplicationSupportsIndirectInputEvents = YES;
				INFOPLIST_KEY_UILaunchScreen_Generation = YES;
				INFOPLIST_KEY_UISupportedInterfaceOrientations_iPad = "UIInterfaceOrientationPortrait UIInterfaceOrientationPortraitUpsideDown UIInterfaceOrientationLandscapeLeft UIInterfaceOrientationLandscapeRight";
				INFOPLIST_KEY_UISupportedInterfaceOrientations_iPhone = "UIInterfaceOrientationPortrait UIInterfaceOrientationLandscapeLeft UIInterfaceOrientationLandscapeRight";
				LD_RUNPATH_SEARCH_PATHS = (
					"$(inherited)",
					"@executable_path/Frameworks",
				);
				MARKETING_VERSION = 1.0;
				PRODUCT_BUNDLE_IDENTIFIER = "com.new-age.Drinkathon";
				PRODUCT_NAME = "$(TARGET_NAME)";
				SWIFT_EMIT_LOC_STRINGS = YES;
				SWIFT_VERSION = 5.0;
				TARGETED_DEVICE_FAMILY = "1,2";
			};
			name = Debug;
		};
		257C9B692BE4013200FA9768 /* Release */ = {
			isa = XCBuildConfiguration;
			buildSettings = {
				ASSETCATALOG_COMPILER_APPICON_NAME = AppIcon;
				ASSETCATALOG_COMPILER_GLOBAL_ACCENT_COLOR_NAME = AccentColor;
				CODE_SIGN_STYLE = Automatic;
				CURRENT_PROJECT_VERSION = 1;
				DEVELOPMENT_ASSET_PATHS = "\"Drinkathon/Preview Content\"";
				DEVELOPMENT_TEAM = AW3Y2MZVMF;
				ENABLE_PREVIEWS = YES;
				GENERATE_INFOPLIST_FILE = YES;
				INFOPLIST_KEY_UIApplicationSceneManifest_Generation = YES;
				INFOPLIST_KEY_UIApplicationSupportsIndirectInputEvents = YES;
				INFOPLIST_KEY_UILaunchScreen_Generation = YES;
				INFOPLIST_KEY_UISupportedInterfaceOrientations_iPad = "UIInterfaceOrientationPortrait UIInterfaceOrientationPortraitUpsideDown UIInterfaceOrientationLandscapeLeft UIInterfaceOrientationLandscapeRight";
				INFOPLIST_KEY_UISupportedInterfaceOrientations_iPhone = "UIInterfaceOrientationPortrait UIInterfaceOrientationLandscapeLeft UIInterfaceOrientationLandscapeRight";
				LD_RUNPATH_SEARCH_PATHS = (
					"$(inherited)",
					"@executable_path/Frameworks",
				);
				MARKETING_VERSION = 1.0;
				PRODUCT_BUNDLE_IDENTIFIER = "com.new-age.Drinkathon";
				PRODUCT_NAME = "$(TARGET_NAME)";
				SWIFT_EMIT_LOC_STRINGS = YES;
				SWIFT_VERSION = 5.0;
				TARGETED_DEVICE_FAMILY = "1,2";
			};
			name = Release;
		};
/* End XCBuildConfiguration section */

/* Begin XCConfigurationList section */
		257C9B542BE4013100FA9768 /* Build configuration list for PBXProject "Drinkathon" */ = {
			isa = XCConfigurationList;
			buildConfigurations = (
				257C9B652BE4013200FA9768 /* Debug */,
				257C9B662BE4013200FA9768 /* Release */,
			);
			defaultConfigurationIsVisible = 0;
			defaultConfigurationName = Release;
		};
		257C9B672BE4013200FA9768 /* Build configuration list for PBXNativeTarget "Drinkathon" */ = {
			isa = XCConfigurationList;
			buildConfigurations = (
				257C9B682BE4013200FA9768 /* Debug */,
				257C9B692BE4013200FA9768 /* Release */,
			);
			defaultConfigurationIsVisible = 0;
			defaultConfigurationName = Release;
		};
/* End XCConfigurationList section */

/* Begin XCRemoteSwiftPackageReference section */
		257C9B8D2BEAB9AF00FA9768 /* XCRemoteSwiftPackageReference "firebase-ios-sdk" */ = {
			isa = XCRemoteSwiftPackageReference;
			repositoryURL = "https://github.com/firebase/firebase-ios-sdk";
			requirement = {
				kind = upToNextMajorVersion;
				minimumVersion = 10.25.0;
			};
		};
		25F2BD762BEBB261002E6253 /* XCRemoteSwiftPackageReference "Kingfisher" */ = {
			isa = XCRemoteSwiftPackageReference;
			repositoryURL = "https://github.com/onevcat/Kingfisher";
			requirement = {
				kind = upToNextMajorVersion;
				minimumVersion = 7.11.0;
			};
		};
/* End XCRemoteSwiftPackageReference section */

/* Begin XCSwiftPackageProductDependency section */
		257C9B8E2BEAB9AF00FA9768 /* FirebaseAuth */ = {
			isa = XCSwiftPackageProductDependency;
			package = 257C9B8D2BEAB9AF00FA9768 /* XCRemoteSwiftPackageReference "firebase-ios-sdk" */;
			productName = FirebaseAuth;
		};
		257C9B902BEAB9AF00FA9768 /* FirebaseFirestore */ = {
			isa = XCSwiftPackageProductDependency;
			package = 257C9B8D2BEAB9AF00FA9768 /* XCRemoteSwiftPackageReference "firebase-ios-sdk" */;
			productName = FirebaseFirestore;
		};
		257C9B922BEAB9AF00FA9768 /* FirebaseFirestoreSwift */ = {
			isa = XCSwiftPackageProductDependency;
			package = 257C9B8D2BEAB9AF00FA9768 /* XCRemoteSwiftPackageReference "firebase-ios-sdk" */;
			productName = FirebaseFirestoreSwift;
		};
		257C9B942BEAB9AF00FA9768 /* FirebaseStorage */ = {
			isa = XCSwiftPackageProductDependency;
			package = 257C9B8D2BEAB9AF00FA9768 /* XCRemoteSwiftPackageReference "firebase-ios-sdk" */;
			productName = FirebaseStorage;
		};
		25F2BD772BEBB261002E6253 /* Kingfisher */ = {
			isa = XCSwiftPackageProductDependency;
			package = 25F2BD762BEBB261002E6253 /* XCRemoteSwiftPackageReference "Kingfisher" */;
			productName = Kingfisher;
		};
/* End XCSwiftPackageProductDependency section */
	};
	rootObject = 257C9B512BE4013100FA9768 /* Project object */;
}
